{
  "name": "json2-go",
  "version": "1.0.2",
  "lockfileVersion": 3,
  "requires": true,
  "packages": {
    "": {
      "name": "json2-go",
      "version": "1.0.2",
      "license": "ISC",
      "dependencies": {
        "clarinet": "^0.12.5"
      },
      "bin": {
        "json2-go": "json2go.js"
      }
    },
    "node_modules/clarinet": {
      "version": "0.12.5",
      "license": "BSD-2-Clause",
      "engines": {
        "chrome": ">=16.0.912",
        "firefox": ">=0.8.0",
        "node": ">=0.3.6"
      }
    }
  }
}
